
Microsoft Visual Studio Solution File, Format Version 12.00
Project("{2150E333-8FDC-42A3-9474-1A3956D46DE8}") = "src", "src", "{6DB6EFFD-4FF5-41F2-9B66-1A158E754271}"
EndProject
Project("{FAE04EC0-301F-11D3-BF4B-00C04F79EFBC}") = "Library.API", "Library.API\Library.API.csproj", "{0891C8B6-1A51-48A6-A66F-EE247645BC01}"
EndProject
Project("{FAE04EC0-301F-11D3-BF4B-00C04F79EFBC}") = "Library.Grpc", "Library.Grpc\Library.Grpc.csproj", "{1CE8C9B6-9C8B-42FF-83A8-248001A7D26B}"
EndProject
Project("{FAE04EC0-301F-11D3-BF4B-00C04F79EFBC}") = "Library.Core", "Library.Core\Library.Core.csproj", "{B4915BA7-8388-4EBB-B0C7-6EEF0628B6BC}"
EndProject
Project("{FAE04EC0-301F-11D3-BF4B-00C04F79EFBC}") = "Library.Infrastructure", "Library.Infrastructure\Library.Infrastructure.csproj", "{340321C4-4E18-4B6C-BD89-74A92BEE260C}"
EndProject
Project("{2150E333-8FDC-42A3-9474-1A3956D46DE8}") = "tests", "tests", "{7F944072-0B8A-4584-BC69-CEE34656E4AB}"
EndProject
Project("{2150E333-8FDC-42A3-9474-1A3956D46DE8}") = "UnitTests", "UnitTests", "{958EBD39-2644-4DDB-A0F6-D74D1A3B0F86}"
EndProject
Project("{2150E333-8FDC-42A3-9474-1A3956D46DE8}") = "FunctionalTests", "FunctionalTests", "{CE7A8CC5-137A-4D1C-A772-B94529CF3467}"
EndProject
Project("{2150E333-8FDC-42A3-9474-1A3956D46DE8}") = "IntegrationTests", "IntegrationTests", "{069EA969-B3F8-4134-8BF4-9443D25104EF}"
EndProject
Project("{2150E333-8FDC-42A3-9474-1A3956D46DE8}") = "SystemTests", "SystemTests", "{56902CB2-63B7-464C-B329-D397A6E53496}"
EndProject
Project("{FAE04EC0-301F-11D3-BF4B-00C04F79EFBC}") = "Library.UnitTests", "tests\Library.UnitTests\Library.UnitTests.csproj", "{A0259F2A-E79D-4586-94B9-EDA6C3423FA3}"
EndProject
Project("{FAE04EC0-301F-11D3-BF4B-00C04F79EFBC}") = "Library.FunctionalTests", "tests\Library.FunctionalTests\Library.FunctionalTests.csproj", "{48CE2543-3238-4CCE-BCBE-FF26636CDF24}"
EndProject
Project("{FAE04EC0-301F-11D3-BF4B-00C04F79EFBC}") = "Library.IntegrationTests", "tests\Library.IntegrationTests\Library.IntegrationTests.csproj", "{9BE8373B-B4A4-4E15-AC91-3DB4CFE5C0ED}"
EndProject
Project("{FAE04EC0-301F-11D3-BF4B-00C04F79EFBC}") = "Library.SystemTests", "tests\Library.SystemTests\Library.SystemTests.csproj", "{C8E4FB49-A24F-469B-9611-212613F7D14B}"
EndProject
Global
	GlobalSection(SolutionConfigurationPlatforms) = preSolution
		Debug|Any CPU = Debug|Any CPU
		Release|Any CPU = Release|Any CPU
	EndGlobalSection
	GlobalSection(ProjectConfigurationPlatforms) = postSolution
		{0891C8B6-1A51-48A6-A66F-EE247645BC01}.Debug|Any CPU.ActiveCfg = Debug|Any CPU
		{0891C8B6-1A51-48A6-A66F-EE247645BC01}.Debug|Any CPU.Build.0 = Debug|Any CPU
		{0891C8B6-1A51-48A6-A66F-EE247645BC01}.Release|Any CPU.ActiveCfg = Release|Any CPU
		{0891C8B6-1A51-48A6-A66F-EE247645BC01}.Release|Any CPU.Build.0 = Release|Any CPU
		{1CE8C9B6-9C8B-42FF-83A8-248001A7D26B}.Debug|Any CPU.ActiveCfg = Debug|Any CPU
		{1CE8C9B6-9C8B-42FF-83A8-248001A7D26B}.Debug|Any CPU.Build.0 = Debug|Any CPU
		{1CE8C9B6-9C8B-42FF-83A8-248001A7D26B}.Release|Any CPU.ActiveCfg = Release|Any CPU
		{1CE8C9B6-9C8B-42FF-83A8-248001A7D26B}.Release|Any CPU.Build.0 = Release|Any CPU
		{B4915BA7-8388-4EBB-B0C7-6EEF0628B6BC}.Debug|Any CPU.ActiveCfg = Debug|Any CPU
		{B4915BA7-8388-4EBB-B0C7-6EEF0628B6BC}.Debug|Any CPU.Build.0 = Debug|Any CPU
		{B4915BA7-8388-4EBB-B0C7-6EEF0628B6BC}.Release|Any CPU.ActiveCfg = Release|Any CPU
		{B4915BA7-8388-4EBB-B0C7-6EEF0628B6BC}.Release|Any CPU.Build.0 = Release|Any CPU
		{340321C4-4E18-4B6C-BD89-74A92BEE260C}.Debug|Any CPU.ActiveCfg = Debug|Any CPU
		{340321C4-4E18-4B6C-BD89-74A92BEE260C}.Debug|Any CPU.Build.0 = Debug|Any CPU
		{340321C4-4E18-4B6C-BD89-74A92BEE260C}.Release|Any CPU.ActiveCfg = Release|Any CPU
		{340321C4-4E18-4B6C-BD89-74A92BEE260C}.Release|Any CPU.Build.0 = Release|Any CPU
		{A0259F2A-E79D-4586-94B9-EDA6C3423FA3}.Debug|Any CPU.ActiveCfg = Debug|Any CPU
		{A0259F2A-E79D-4586-94B9-EDA6C3423FA3}.Debug|Any CPU.Build.0 = Debug|Any CPU
		{A0259F2A-E79D-4586-94B9-EDA6C3423FA3}.Release|Any CPU.ActiveCfg = Release|Any CPU
		{A0259F2A-E79D-4586-94B9-EDA6C3423FA3}.Release|Any CPU.Build.0 = Release|Any CPU
		{48CE2543-3238-4CCE-BCBE-FF26636CDF24}.Debug|Any CPU.ActiveCfg = Debug|Any CPU
		{48CE2543-3238-4CCE-BCBE-FF26636CDF24}.Debug|Any CPU.Build.0 = Debug|Any CPU
		{48CE2543-3238-4CCE-BCBE-FF26636CDF24}.Release|Any CPU.ActiveCfg = Release|Any CPU
		{48CE2543-3238-4CCE-BCBE-FF26636CDF24}.Release|Any CPU.Build.0 = Release|Any CPU
		{9BE8373B-B4A4-4E15-AC91-3DB4CFE5C0ED}.Debug|Any CPU.ActiveCfg = Debug|Any CPU
		{9BE8373B-B4A4-4E15-AC91-3DB4CFE5C0ED}.Debug|Any CPU.Build.0 = Debug|Any CPU
		{9BE8373B-B4A4-4E15-AC91-3DB4CFE5C0ED}.Release|Any CPU.ActiveCfg = Release|Any CPU
		{9BE8373B-B4A4-4E15-AC91-3DB4CFE5C0ED}.Release|Any CPU.Build.0 = Release|Any CPU
		{C8E4FB49-A24F-469B-9611-212613F7D14B}.Debug|Any CPU.ActiveCfg = Debug|Any CPU
		{C8E4FB49-A24F-469B-9611-212613F7D14B}.Debug|Any CPU.Build.0 = Debug|Any CPU
		{C8E4FB49-A24F-469B-9611-212613F7D14B}.Release|Any CPU.ActiveCfg = Release|Any CPU
		{C8E4FB49-A24F-469B-9611-212613F7D14B}.Release|Any CPU.Build.0 = Release|Any CPU
	EndGlobalSection
	GlobalSection(NestedProjects) = preSolution
		{0891C8B6-1A51-48A6-A66F-EE247645BC01} = {6DB6EFFD-4FF5-41F2-9B66-1A158E754271}
		{1CE8C9B6-9C8B-42FF-83A8-248001A7D26B} = {6DB6EFFD-4FF5-41F2-9B66-1A158E754271}
		{B4915BA7-8388-4EBB-B0C7-6EEF0628B6BC} = {6DB6EFFD-4FF5-41F2-9B66-1A158E754271}
		{340321C4-4E18-4B6C-BD89-74A92BEE260C} = {6DB6EFFD-4FF5-41F2-9B66-1A158E754271}
		{958EBD39-2644-4DDB-A0F6-D74D1A3B0F86} = {7F944072-0B8A-4584-BC69-CEE34656E4AB}
		{CE7A8CC5-137A-4D1C-A772-B94529CF3467} = {7F944072-0B8A-4584-BC69-CEE34656E4AB}
		{069EA969-B3F8-4134-8BF4-9443D25104EF} = {7F944072-0B8A-4584-BC69-CEE34656E4AB}
		{56902CB2-63B7-464C-B329-D397A6E53496} = {7F944072-0B8A-4584-BC69-CEE34656E4AB}
		{A0259F2A-E79D-4586-94B9-EDA6C3423FA3} = {958EBD39-2644-4DDB-A0F6-D74D1A3B0F86}
		{48CE2543-3238-4CCE-BCBE-FF26636CDF24} = {CE7A8CC5-137A-4D1C-A772-B94529CF3467}
		{9BE8373B-B4A4-4E15-AC91-3DB4CFE5C0ED} = {069EA969-B3F8-4134-8BF4-9443D25104EF}
		{C8E4FB49-A24F-469B-9611-212613F7D14B} = {56902CB2-63B7-464C-B329-D397A6E53496}
	EndGlobalSection
EndGlobal
